
Microsoft Visual Studio Solution File, Format Version 12.00
# Visual Studio Version 16
VisualStudioVersion = 16.0.30804.86
MinimumVisualStudioVersion = 10.0.40219.1
Project("{FAE04EC0-301F-11D3-BF4B-00C04F79EFBC}") = "testTRM", "testTRM\testTRM.csproj", "{769022B1-8AA5-4338-AA9B-8590032B2F55}"
EndProject
Global
	GlobalSection(SolutionConfigurationPlatforms) = preSolution
		Debug|Any CPU = Debug|Any CPU
		Release|Any CPU = Release|Any CPU
	EndGlobalSection
	GlobalSection(ProjectConfigurationPlatforms) = postSolution
		{769022B1-8AA5-4338-AA9B-8590032B2F55}.Debug|Any CPU.ActiveCfg = Debug|Any CPU
		{769022B1-8AA5-4338-AA9B-8590032B2F55}.Debug|Any CPU.Build.0 = Debug|Any CPU
		{769022B1-8AA5-4338-AA9B-8590032B2F55}.Debug|Any CPU.Deploy.0 = Debug|Any CPU
		{769022B1-8AA5-4338-AA9B-8590032B2F55}.Release|Any CPU.ActiveCfg = Release|Any CPU
		{769022B1-8AA5-4338-AA9B-8590032B2F55}.Release|Any CPU.Build.0 = Release|Any CPU
		{769022B1-8AA5-4338-AA9B-8590032B2F55}.Release|Any CPU.Deploy.0 = Release|Any CPU
	EndGlobalSection
	GlobalSection(SolutionProperties) = preSolution
		HideSolutionNode = FALSE
	EndGlobalSection
	GlobalSection(ExtensibilityGlobals) = postSolution
		SolutionGuid = {BC0D2C4A-477A-45A2-A643-A531F998C2E5}
	EndGlobalSection
EndGlobal
